
Microsoft Visual Studio Solution File, Format Version 12.00
# Visual Studio Version 17
VisualStudioVersion = 17.14.36127.28 d17.14
MinimumVisualStudioVersion = 10.0.40219.1
Project("{FAE04EC0-301F-11D3-BF4B-00C04F79EFBC}") = "HabitaIA.API", "src\HabitaIA.API\HabitaIA.API.csproj", "{8432DBB6-2749-421D-BF01-B371EF76E980}"
EndProject
Project("{FAE04EC0-301F-11D3-BF4B-00C04F79EFBC}") = "HabitaIA.Business", "src\HabitaIA.Business\HabitaIA.Business.csproj", "{B2639951-7675-4541-8A29-B5E3D3DA5BC0}"
EndProject
Project("{FAE04EC0-301F-11D3-BF4B-00C04F79EFBC}") = "HabitaIA.Core", "src\HabitaIA.Core\HabitaIA.Core.csproj", "{679A7FD0-F2CD-4D0A-AAB0-C664C27B4CD6}"
EndProject
Global
	GlobalSection(SolutionConfigurationPlatforms) = preSolution
		Debug|Any CPU = Debug|Any CPU
		Release|Any CPU = Release|Any CPU
	EndGlobalSection
	GlobalSection(ProjectConfigurationPlatforms) = postSolution
		{8432DBB6-2749-421D-BF01-B371EF76E980}.Debug|Any CPU.ActiveCfg = Debug|Any CPU
		{8432DBB6-2749-421D-BF01-B371EF76E980}.Debug|Any CPU.Build.0 = Debug|Any CPU
		{8432DBB6-2749-421D-BF01-B371EF76E980}.Release|Any CPU.ActiveCfg = Release|Any CPU
		{8432DBB6-2749-421D-BF01-B371EF76E980}.Release|Any CPU.Build.0 = Release|Any CPU
		{B2639951-7675-4541-8A29-B5E3D3DA5BC0}.Debug|Any CPU.ActiveCfg = Debug|Any CPU
		{B2639951-7675-4541-8A29-B5E3D3DA5BC0}.Debug|Any CPU.Build.0 = Debug|Any CPU
		{B2639951-7675-4541-8A29-B5E3D3DA5BC0}.Release|Any CPU.ActiveCfg = Release|Any CPU
		{B2639951-7675-4541-8A29-B5E3D3DA5BC0}.Release|Any CPU.Build.0 = Release|Any CPU
		{679A7FD0-F2CD-4D0A-AAB0-C664C27B4CD6}.Debug|Any CPU.ActiveCfg = Debug|Any CPU
		{679A7FD0-F2CD-4D0A-AAB0-C664C27B4CD6}.Debug|Any CPU.Build.0 = Debug|Any CPU
		{679A7FD0-F2CD-4D0A-AAB0-C664C27B4CD6}.Release|Any CPU.ActiveCfg = Release|Any CPU
		{679A7FD0-F2CD-4D0A-AAB0-C664C27B4CD6}.Release|Any CPU.Build.0 = Release|Any CPU
	EndGlobalSection
	GlobalSection(SolutionProperties) = preSolution
		HideSolutionNode = FALSE
	EndGlobalSection
	GlobalSection(ExtensibilityGlobals) = postSolution
		SolutionGuid = {0BFE2165-59ED-487B-A1BF-D4440A922EB2}
	EndGlobalSection
EndGlobal
